
Microsoft Visual Studio Solution File, Format Version 12.00
# Visual Studio Version 16
VisualStudioVersion = 16.0.32126.315
MinimumVisualStudioVersion = 10.0.40219.1
Project("{FAE04EC0-301F-11D3-BF4B-00C04F79EFBC}") = "MyPlugins", "MyPlugins\MyPlugins.csproj", "{7D748D17-4256-4905-B8E3-08B8C00BEEB9}"
EndProject
Project("{FAE04EC0-301F-11D3-BF4B-00C04F79EFBC}") = "TeamTailorWebhooks", "TeamTailorWebhooks\TeamTailorWebhooks.csproj", "{07699561-497B-4A36-A009-03F44D72E104}"
EndProject
Project("{FAE04EC0-301F-11D3-BF4B-00C04F79EFBC}") = "CustomWorkflows", "CustomWorkflows\CustomWorkflows.csproj", "{3FCF744E-D7ED-493B-9CBE-D47A097737D2}"
EndProject
Project("{FAE04EC0-301F-11D3-BF4B-00C04F79EFBC}") = "ConsoleApp", "ConsoleApp\ConsoleApp.csproj", "{4FA28CEF-DB2A-4E2A-A563-01B28E1E85AE}"
EndProject
Project("{FAE04EC0-301F-11D3-BF4B-00C04F79EFBC}") = "ConsoleAppCore", "ConsoleAppCore\ConsoleAppCore.csproj", "{AAF7D9E3-AD6B-4685-A6A8-E1A79F3FB576}"
EndProject
Global
	GlobalSection(SolutionConfigurationPlatforms) = preSolution
		Debug|Any CPU = Debug|Any CPU
		Release|Any CPU = Release|Any CPU
	EndGlobalSection
	GlobalSection(ProjectConfigurationPlatforms) = postSolution
		{7D748D17-4256-4905-B8E3-08B8C00BEEB9}.Debug|Any CPU.ActiveCfg = Debug|Any CPU
		{7D748D17-4256-4905-B8E3-08B8C00BEEB9}.Debug|Any CPU.Build.0 = Debug|Any CPU
		{7D748D17-4256-4905-B8E3-08B8C00BEEB9}.Release|Any CPU.ActiveCfg = Release|Any CPU
		{7D748D17-4256-4905-B8E3-08B8C00BEEB9}.Release|Any CPU.Build.0 = Release|Any CPU
		{07699561-497B-4A36-A009-03F44D72E104}.Debug|Any CPU.ActiveCfg = Debug|Any CPU
		{07699561-497B-4A36-A009-03F44D72E104}.Debug|Any CPU.Build.0 = Debug|Any CPU
		{07699561-497B-4A36-A009-03F44D72E104}.Release|Any CPU.ActiveCfg = Release|Any CPU
		{07699561-497B-4A36-A009-03F44D72E104}.Release|Any CPU.Build.0 = Release|Any CPU
		{3FCF744E-D7ED-493B-9CBE-D47A097737D2}.Debug|Any CPU.ActiveCfg = Debug|Any CPU
		{3FCF744E-D7ED-493B-9CBE-D47A097737D2}.Debug|Any CPU.Build.0 = Debug|Any CPU
		{3FCF744E-D7ED-493B-9CBE-D47A097737D2}.Release|Any CPU.ActiveCfg = Release|Any CPU
		{3FCF744E-D7ED-493B-9CBE-D47A097737D2}.Release|Any CPU.Build.0 = Release|Any CPU
		{4FA28CEF-DB2A-4E2A-A563-01B28E1E85AE}.Debug|Any CPU.ActiveCfg = Debug|Any CPU
		{4FA28CEF-DB2A-4E2A-A563-01B28E1E85AE}.Debug|Any CPU.Build.0 = Debug|Any CPU
		{4FA28CEF-DB2A-4E2A-A563-01B28E1E85AE}.Release|Any CPU.ActiveCfg = Release|Any CPU
		{4FA28CEF-DB2A-4E2A-A563-01B28E1E85AE}.Release|Any CPU.Build.0 = Release|Any CPU
		{AAF7D9E3-AD6B-4685-A6A8-E1A79F3FB576}.Debug|Any CPU.ActiveCfg = Debug|Any CPU
		{AAF7D9E3-AD6B-4685-A6A8-E1A79F3FB576}.Debug|Any CPU.Build.0 = Debug|Any CPU
		{AAF7D9E3-AD6B-4685-A6A8-E1A79F3FB576}.Release|Any CPU.ActiveCfg = Release|Any CPU
		{AAF7D9E3-AD6B-4685-A6A8-E1A79F3FB576}.Release|Any CPU.Build.0 = Release|Any CPU
	EndGlobalSection
	GlobalSection(SolutionProperties) = preSolution
		HideSolutionNode = FALSE
	EndGlobalSection
	GlobalSection(ExtensibilityGlobals) = postSolution
		SolutionGuid = {ADEF7D4D-19FE-4E2F-ADE1-4361D6C19327}
	EndGlobalSection
EndGlobal
